{
  "name": "publictransport",
  "version": "1.0.0",
  "lockfileVersion": 1,
  "requires": true,
  "dependencies": {
    "ev-emitter": {
      "version": "2.1.0",
      "resolved": "https://registry.npmjs.org/ev-emitter/-/ev-emitter-2.1.0.tgz",
      "integrity": "sha512-73qJdHUbyfA6ykAvWf4bBV7fQNYVOPd9nA3qfiQkgKVgIBKro/MAfJnZgyayWUapHU0Y5Qk9unofK3WirjkrVQ=="
    },
    "fizzy-ui-utils": {
      "version": "3.0.0",
      "resolved": "https://registry.npmjs.org/fizzy-ui-utils/-/fizzy-ui-utils-3.0.0.tgz",
      "integrity": "sha512-uJj38QFQiJ/KCio5tiZhwAjIbTXSIgzBCKdKVbaYfLS053F6z23Nb0o1ZoO9gnxOQWN7BCc35jsvrCtAq3gY9g=="
    },
    "infinite-scroll": {
      "version": "4.0.1",
      "resolved": "https://registry.npmjs.org/infinite-scroll/-/infinite-scroll-4.0.1.tgz",
      "integrity": "sha512-14Utu6d8g6mO5PmwUxfAUK5uaKdClIkrJqLmBYXj/AMBRy5ApsCWkkY84HvsSq4MM1A062gtf58S9OiD5WBfRA==",
      "requires": {
        "ev-emitter": "^2.1.0",
        "fizzy-ui-utils": "^3.0.0"
      }
    }
  }
}
